
Microsoft Visual Studio Solution File, Format Version 11.00
# Visual Studio 2010
# SharpDevelop 5.1
Project("{FAE04EC0-301F-11D3-BF4B-00C04F79EFBC}") = "Crossword", "Crossword\Crossword.csproj", "{CC5BADC0-7FD8-45CA-B390-A8308C0739CB}"
EndProject
Global
	GlobalSection(SolutionConfigurationPlatforms) = preSolution
		Debug|Any CPU = Debug|Any CPU
		Release|Any CPU = Release|Any CPU
	EndGlobalSection
	GlobalSection(ProjectConfigurationPlatforms) = postSolution
		{CC5BADC0-7FD8-45CA-B390-A8308C0739CB}.Debug|Any CPU.ActiveCfg = Debug|Any CPU
		{CC5BADC0-7FD8-45CA-B390-A8308C0739CB}.Debug|Any CPU.Build.0 = Debug|Any CPU
		{CC5BADC0-7FD8-45CA-B390-A8308C0739CB}.Release|Any CPU.ActiveCfg = Release|Any CPU
		{CC5BADC0-7FD8-45CA-B390-A8308C0739CB}.Release|Any CPU.Build.0 = Release|Any CPU
	EndGlobalSection
EndGlobal
